
Microsoft Visual Studio Solution File, Format Version 12.00
# Visual Studio 15
VisualStudioVersion = 15.0.27703.2000
MinimumVisualStudioVersion = 10.0.40219.1
Project("{FAE04EC0-301F-11D3-BF4B-00C04F79EFBC}") = "AspNetCore2AuthNZ", "AspNetCore2AuthNZ\AspNetCore2AuthNZ.csproj", "{BE59BBF1-FF4C-49ED-BF3A-811520CD6078}"
EndProject
Global
	GlobalSection(SolutionConfigurationPlatforms) = preSolution
		Debug|Any CPU = Debug|Any CPU
		Release|Any CPU = Release|Any CPU
	EndGlobalSection
	GlobalSection(ProjectConfigurationPlatforms) = postSolution
		{BE59BBF1-FF4C-49ED-BF3A-811520CD6078}.Debug|Any CPU.ActiveCfg = Debug|Any CPU
		{BE59BBF1-FF4C-49ED-BF3A-811520CD6078}.Debug|Any CPU.Build.0 = Debug|Any CPU
		{BE59BBF1-FF4C-49ED-BF3A-811520CD6078}.Release|Any CPU.ActiveCfg = Release|Any CPU
		{BE59BBF1-FF4C-49ED-BF3A-811520CD6078}.Release|Any CPU.Build.0 = Release|Any CPU
	EndGlobalSection
	GlobalSection(SolutionProperties) = preSolution
		HideSolutionNode = FALSE
	EndGlobalSection
	GlobalSection(ExtensibilityGlobals) = postSolution
		SolutionGuid = {A50AE877-41CE-4DEA-83CB-E6849AD52D40}
	EndGlobalSection
EndGlobal
